
Microsoft Visual Studio Solution File, Format Version 12.00
# Visual Studio 14
VisualStudioVersion = 14.0.25123.0
MinimumVisualStudioVersion = 10.0.40219.1
Project("{FAE04EC0-301F-11D3-BF4B-00C04F79EFBC}") = "ER Diagram Modeler", "ER Diagram Modeler\ER Diagram Modeler.csproj", "{9E742491-9C91-4213-8BB6-E3D67E2ECE54}"
EndProject
Project("{FAE04EC0-301F-11D3-BF4B-00C04F79EFBC}") = "Pathfinding", "Pathfinding\Pathfinding.csproj", "{78438841-45CB-45A8-9E67-0157A4DD29F1}"
EndProject
Project("{FAE04EC0-301F-11D3-BF4B-00C04F79EFBC}") = "PathfindingTestConsoleApp", "PathfindingTestConsoleApp\PathfindingTestConsoleApp.csproj", "{115936B6-89A3-4A2F-89FF-9727226961DD}"
EndProject
Global
	GlobalSection(SolutionConfigurationPlatforms) = preSolution
		Debug|Any CPU = Debug|Any CPU
		Release|Any CPU = Release|Any CPU
	EndGlobalSection
	GlobalSection(ProjectConfigurationPlatforms) = postSolution
		{9E742491-9C91-4213-8BB6-E3D67E2ECE54}.Debug|Any CPU.ActiveCfg = Debug|Any CPU
		{9E742491-9C91-4213-8BB6-E3D67E2ECE54}.Debug|Any CPU.Build.0 = Debug|Any CPU
		{9E742491-9C91-4213-8BB6-E3D67E2ECE54}.Release|Any CPU.ActiveCfg = Release|Any CPU
		{9E742491-9C91-4213-8BB6-E3D67E2ECE54}.Release|Any CPU.Build.0 = Release|Any CPU
		{78438841-45CB-45A8-9E67-0157A4DD29F1}.Debug|Any CPU.ActiveCfg = Debug|Any CPU
		{78438841-45CB-45A8-9E67-0157A4DD29F1}.Debug|Any CPU.Build.0 = Debug|Any CPU
		{78438841-45CB-45A8-9E67-0157A4DD29F1}.Release|Any CPU.ActiveCfg = Release|Any CPU
		{78438841-45CB-45A8-9E67-0157A4DD29F1}.Release|Any CPU.Build.0 = Release|Any CPU
		{115936B6-89A3-4A2F-89FF-9727226961DD}.Debug|Any CPU.ActiveCfg = Debug|Any CPU
		{115936B6-89A3-4A2F-89FF-9727226961DD}.Debug|Any CPU.Build.0 = Debug|Any CPU
		{115936B6-89A3-4A2F-89FF-9727226961DD}.Release|Any CPU.ActiveCfg = Release|Any CPU
		{115936B6-89A3-4A2F-89FF-9727226961DD}.Release|Any CPU.Build.0 = Release|Any CPU
	EndGlobalSection
	GlobalSection(SolutionProperties) = preSolution
		HideSolutionNode = FALSE
	EndGlobalSection
EndGlobal
